// !$*UTF8*$!
{
	archiveVersion = 1;
	classes = {
	};
	objectVersion = 56;
	objects = {

/* Begin PBXBuildFile section */
		49B6D9DC2B42B3EF00B2A2DA /* SwiftAlgorithmApp.swift in Sources */ = {isa = PBXBuildFile; fileRef = 49B6D9DB2B42B3EF00B2A2DA /* SwiftAlgorithmApp.swift */; };
		49B6D9DE2B42B3EF00B2A2DA /* ContentView.swift in Sources */ = {isa = PBXBuildFile; fileRef = 49B6D9DD2B42B3EF00B2A2DA /* ContentView.swift */; };
		49B6D9E02B42B3F100B2A2DA /* Assets.xcassets in Resources */ = {isa = PBXBuildFile; fileRef = 49B6D9DF2B42B3F100B2A2DA /* Assets.xcassets */; };
		49B6D9E32B42B3F100B2A2DA /* Preview Assets.xcassets in Resources */ = {isa = PBXBuildFile; fileRef = 49B6D9E22B42B3F100B2A2DA /* Preview Assets.xcassets */; };
		49B6D9EA2B42B40C00B2A2DA /* Algorithm.swift in Sources */ = {isa = PBXBuildFile; fileRef = 49B6D9E92B42B40C00B2A2DA /* Algorithm.swift */; };
		49B6D9F22B42B51E00B2A2DA /* SwiftAlgorithmTests.swift in Sources */ = {isa = PBXBuildFile; fileRef = 49B6D9F12B42B51E00B2A2DA /* SwiftAlgorithmTests.swift */; };
/* End PBXBuildFile section */

/* Begin PBXContainerItemProxy section */
		49B6D9F32B42B51E00B2A2DA /* PBXContainerItemProxy */ = {
			isa = PBXContainerItemProxy;
			containerPortal = 49B6D9D02B42B3EF00B2A2DA /* Project object */;
			proxyType = 1;
			remoteGlobalIDString = 49B6D9D72B42B3EF00B2A2DA;
			remoteInfo = SwiftAlgorithm;
		};
/* End PBXContainerItemProxy section */

/* Begin PBXFileReference section */
		49B6D9D82B42B3EF00B2A2DA /* SwiftAlgorithm.app */ = {isa = PBXFileReference; explicitFileType = wrapper.application; includeInIndex = 0; path = SwiftAlgorithm.app; sourceTree = BUILT_PRODUCTS_DIR; };
		49B6D9DB2B42B3EF00B2A2DA /* SwiftAlgorithmApp.swift */ = {isa = PBXFileReference; lastKnownFileType = sourcecode.swift; path = SwiftAlgorithmApp.swift; sourceTree = "<group>"; };
		49B6D9DD2B42B3EF00B2A2DA /* ContentView.swift */ = {isa = PBXFileReference; lastKnownFileType = sourcecode.swift; path = ContentView.swift; sourceTree = "<group>"; };
		49B6D9DF2B42B3F100B2A2DA /* Assets.xcassets */ = {isa = PBXFileReference; lastKnownFileType = folder.assetcatalog; path = Assets.xcassets; sourceTree = "<group>"; };
		49B6D9E22B42B3F100B2A2DA /* Preview Assets.xcassets */ = {isa = PBXFileReference; lastKnownFileType = folder.assetcatalog; path = "Preview Assets.xcassets"; sourceTree = "<group>"; };
		49B6D9E92B42B40C00B2A2DA /* Algorithm.swift */ = {isa = PBXFileReference; lastKnownFileType = sourcecode.swift; path = Algorithm.swift; sourceTree = "<group>"; };
		49B6D9EF2B42B51E00B2A2DA /* SwiftAlgorithmTests.xctest */ = {isa = PBXFileReference; explicitFileType = wrapper.cfbundle; includeInIndex = 0; path = SwiftAlgorithmTests.xctest; sourceTree = BUILT_PRODUCTS_DIR; };
		49B6D9F12B42B51E00B2A2DA /* SwiftAlgorithmTests.swift */ = {isa = PBXFileReference; lastKnownFileType = sourcecode.swift; path = SwiftAlgorithmTests.swift; sourceTree = "<group>"; };
/* End PBXFileReference section */

/* Begin PBXFrameworksBuildPhase section */
		49B6D9D52B42B3EF00B2A2DA /* Frameworks */ = {
			isa = PBXFrameworksBuildPhase;
			buildActionMask = 2147483647;
			files = (
			);
			runOnlyForDeploymentPostprocessing = 0;
		};
		49B6D9EC2B42B51E00B2A2DA /* Frameworks */ = {
			isa = PBXFrameworksBuildPhase;
			buildActionMask = 2147483647;
			files = (
			);
			runOnlyForDeploymentPostprocessing = 0;
		};
/* End PBXFrameworksBuildPhase section */

/* Begin PBXGroup section */
		49B6D9CF2B42B3EF00B2A2DA = {
			isa = PBXGroup;
			children = (
				49B6D9DA2B42B3EF00B2A2DA /* SwiftAlgorithm */,
				49B6D9F02B42B51E00B2A2DA /* SwiftAlgorithmTests */,
				49B6D9D92B42B3EF00B2A2DA /* Products */,
			);
			sourceTree = "<group>";
		};
		49B6D9D92B42B3EF00B2A2DA /* Products */ = {
			isa = PBXGroup;
			children = (
				49B6D9D82B42B3EF00B2A2DA /* SwiftAlgorithm.app */,
				49B6D9EF2B42B51E00B2A2DA /* SwiftAlgorithmTests.xctest */,
			);
			name = Products;
			sourceTree = "<group>";
		};
		49B6D9DA2B42B3EF00B2A2DA /* SwiftAlgorithm */ = {
			isa = PBXGroup;
			children = (
				49B6D9DB2B42B3EF00B2A2DA /* SwiftAlgorithmApp.swift */,
				49B6D9DD2B42B3EF00B2A2DA /* ContentView.swift */,
				49B6D9DF2B42B3F100B2A2DA /* Assets.xcassets */,
				49B6D9E12B42B3F100B2A2DA /* Preview Content */,
				49B6D9E92B42B40C00B2A2DA /* Algorithm.swift */,
			);
			path = SwiftAlgorithm;
			sourceTree = "<group>";
		};
		49B6D9E12B42B3F100B2A2DA /* Preview Content */ = {
			isa = PBXGroup;
			children = (
				49B6D9E22B42B3F100B2A2DA /* Preview Assets.xcassets */,
			);
			path = "Preview Content";
			sourceTree = "<group>";
		};
		49B6D9F02B42B51E00B2A2DA /* SwiftAlgorithmTests */ = {
			isa = PBXGroup;
			children = (
				49B6D9F12B42B51E00B2A2DA /* SwiftAlgorithmTests.swift */,
			);
			path = SwiftAlgorithmTests;
			sourceTree = "<group>";
		};
/* End PBXGroup section */

/* Begin PBXNativeTarget section */
		49B6D9D72B42B3EF00B2A2DA /* SwiftAlgorithm */ = {
			isa = PBXNativeTarget;
			buildConfigurationList = 49B6D9E62B42B3F100B2A2DA /* Build configuration list for PBXNativeTarget "SwiftAlgorithm" */;
			buildPhases = (
				49B6D9D42B42B3EF00B2A2DA /* Sources */,
				49B6D9D52B42B3EF00B2A2DA /* Frameworks */,
				49B6D9D62B42B3EF00B2A2DA /* Resources */,
			);
			buildRules = (
			);
			dependencies = (
			);
			name = SwiftAlgorithm;
			productName = SwiftAlgorithm;
			productReference = 49B6D9D82B42B3EF00B2A2DA /* SwiftAlgorithm.app */;
			productType = "com.apple.product-type.application";
		};
		49B6D9EE2B42B51E00B2A2DA /* SwiftAlgorithmTests */ = {
			isa = PBXNativeTarget;
			buildConfigurationList = 49B6D9F52B42B51E00B2A2DA /* Build configuration list for PBXNativeTarget "SwiftAlgorithmTests" */;
			buildPhases = (
				49B6D9EB2B42B51E00B2A2DA /* Sources */,
				49B6D9EC2B42B51E00B2A2DA /* Frameworks */,
				49B6D9ED2B42B51E00B2A2DA /* Resources */,
			);
			buildRules = (
			);
			dependencies = (
				49B6D9F42B42B51E00B2A2DA /* PBXTargetDependency */,
			);
			name = SwiftAlgorithmTests;
			productName = SwiftAlgorithmTests;
			productReference = 49B6D9EF2B42B51E00B2A2DA /* SwiftAlgorithmTests.xctest */;
			productType = "com.apple.product-type.bundle.unit-test";
		};
/* End PBXNativeTarget section */

/* Begin PBXProject section */
		49B6D9D02B42B3EF00B2A2DA /* Project object */ = {
			isa = PBXProject;
			attributes = {
				BuildIndependentTargetsInParallel = 1;
				LastSwiftUpdateCheck = 1500;
				LastUpgradeCheck = 1500;
				TargetAttributes = {
					49B6D9D72B42B3EF00B2A2DA = {
						CreatedOnToolsVersion = 15.0;
					};
					49B6D9EE2B42B51E00B2A2DA = {
						CreatedOnToolsVersion = 15.0;
						TestTargetID = 49B6D9D72B42B3EF00B2A2DA;
					};
				};
			};
			buildConfigurationList = 49B6D9D32B42B3EF00B2A2DA /* Build configuration list for PBXProject "SwiftAlgorithm" */;
			compatibilityVersion = "Xcode 14.0";
			developmentRegion = en;
			hasScannedForEncodings = 0;
			knownRegions = (
				en,
				Base,
			);
			mainGroup = 49B6D9CF2B42B3EF00B2A2DA;
			productRefGroup = 49B6D9D92B42B3EF00B2A2DA /* Products */;
			projectDirPath = "";
			projectRoot = "";
			targets = (
				49B6D9D72B42B3EF00B2A2DA /* SwiftAlgorithm */,
				49B6D9EE2B42B51E00B2A2DA /* SwiftAlgorithmTests */,
			);
		};
/* End PBXProject section */

/* Begin PBXResourcesBuildPhase section */
		49B6D9D62B42B3EF00B2A2DA /* Resources */ = {
			isa = PBXResourcesBuildPhase;
			buildActionMask = 2147483647;
			files = (
				49B6D9E32B42B3F100B2A2DA /* Preview Assets.xcassets in Resources */,
				49B6D9E02B42B3F100B2A2DA /* Assets.xcassets in Resources */,
			);
			runOnlyForDeploymentPostprocessing = 0;
		};
		49B6D9ED2B42B51E00B2A2DA /* Resources */ = {
			isa = PBXResourcesBuildPhase;
			buildActionMask = 2147483647;
			files = (
			);
			runOnlyForDeploymentPostprocessing = 0;
		};
/* End PBXResourcesBuildPhase section */

/* Begin PBXSourcesBuildPhase section */
		49B6D9D42B42B3EF00B2A2DA /* Sources */ = {
			isa = PBXSourcesBuildPhase;
			buildActionMask = 2147483647;
			files = (
				49B6D9EA2B42B40C00B2A2DA /* Algorithm.swift in Sources */,
				49B6D9DE2B42B3EF00B2A2DA /* ContentView.swift in Sources */,
				49B6D9DC2B42B3EF00B2A2DA /* SwiftAlgorithmApp.swift in Sources */,
			);
			runOnlyForDeploymentPostprocessing = 0;
		};
		49B6D9EB2B42B51E00B2A2DA /* Sources */ = {
			isa = PBXSourcesBuildPhase;
			buildActionMask = 2147483647;
			files = (
				49B6D9F22B42B51E00B2A2DA /* SwiftAlgorithmTests.swift in Sources */,
			);
			runOnlyForDeploymentPostprocessing = 0;
		};
/* End PBXSourcesBuildPhase section */

/* Begin PBXTargetDependency section */
		49B6D9F42B42B51E00B2A2DA /* PBXTargetDependency */ = {
			isa = PBXTargetDependency;
			target = 49B6D9D72B42B3EF00B2A2DA /* SwiftAlgorithm */;
			targetProxy = 49B6D9F32B42B51E00B2A2DA /* PBXContainerItemProxy */;
		};
/* End PBXTargetDependency section */

/* Begin XCBuildConfiguration section */
		49B6D9E42B42B3F100B2A2DA /* Debug */ = {
			isa = XCBuildConfiguration;
			buildSettings = {
				ALWAYS_SEARCH_USER_PATHS = NO;
				ASSETCATALOG_COMPILER_GENERATE_SWIFT_ASSET_SYMBOL_EXTENSIONS = YES;
				CLANG_ANALYZER_NONNULL = YES;
				CLANG_ANALYZER_NUMBER_OBJECT_CONVERSION = YES_AGGRESSIVE;
				CLANG_CXX_LANGUAGE_STANDARD = "gnu++20";
				CLANG_ENABLE_MODULES = YES;
				CLANG_ENABLE_OBJC_ARC = YES;
				CLANG_ENABLE_OBJC_WEAK = YES;
				CLANG_WARN_BLOCK_CAPTURE_AUTORELEASING = YES;
				CLANG_WARN_BOOL_CONVERSION = YES;
				CLANG_WARN_COMMA = YES;
				CLANG_WARN_CONSTANT_CONVERSION = YES;
				CLANG_WARN_DEPRECATED_OBJC_IMPLEMENTATIONS = YES;
				CLANG_WARN_DIRECT_OBJC_ISA_USAGE = YES_ERROR;
				CLANG_WARN_DOCUMENTATION_COMMENTS = YES;
				CLANG_WARN_EMPTY_BODY = YES;
				CLANG_WARN_ENUM_CONVERSION = YES;
				CLANG_WARN_INFINITE_RECURSION = YES;
				CLANG_WARN_INT_CONVERSION = YES;
				CLANG_WARN_NON_LITERAL_NULL_CONVERSION = YES;
				CLANG_WARN_OBJC_IMPLICIT_RETAIN_SELF = YES;
				CLANG_WARN_OBJC_LITERAL_CONVERSION = YES;
				CLANG_WARN_OBJC_ROOT_CLASS = YES_ERROR;
				CLANG_WARN_QUOTED_INCLUDE_IN_FRAMEWORK_HEADER = YES;
				CLANG_WARN_RANGE_LOOP_ANALYSIS = YES;
				CLANG_WARN_STRICT_PROTOTYPES = YES;
				CLANG_WARN_SUSPICIOUS_MOVE = YES;
				CLANG_WARN_UNGUARDED_AVAILABILITY = YES_AGGRESSIVE;
				CLANG_WARN_UNREACHABLE_CODE = YES;
				CLANG_WARN__DUPLICATE_METHOD_MATCH = YES;
				COPY_PHASE_STRIP = NO;
				DEBUG_INFORMATION_FORMAT = dwarf;
				ENABLE_STRICT_OBJC_MSGSEND = YES;
				ENABLE_TESTABILITY = YES;
				ENABLE_USER_SCRIPT_SANDBOXING = YES;
				GCC_C_LANGUAGE_STANDARD = gnu17;
				GCC_DYNAMIC_NO_PIC = NO;
				GCC_NO_COMMON_BLOCKS = YES;
				GCC_OPTIMIZATION_LEVEL = 0;
				GCC_PREPROCESSOR_DEFINITIONS = (
					"DEBUG=1",
					"$(inherited)",
				);
				GCC_WARN_64_TO_32_BIT_CONVERSION = YES;
				GCC_WARN_ABOUT_RETURN_TYPE = YES_ERROR;
				GCC_WARN_UNDECLARED_SELECTOR = YES;
				GCC_WARN_UNINITIALIZED_AUTOS = YES_AGGRESSIVE;
				GCC_WARN_UNUSED_FUNCTION = YES;
				GCC_WARN_UNUSED_VARIABLE = YES;
				IPHONEOS_DEPLOYMENT_TARGET = 17.0;
				LOCALIZATION_PREFERS_STRING_CATALOGS = YES;
				MTL_ENABLE_DEBUG_INFO = INCLUDE_SOURCE;
				MTL_FAST_MATH = YES;
				ONLY_ACTIVE_ARCH = YES;
				SDKROOT = iphoneos;
				SWIFT_ACTIVE_COMPILATION_CONDITIONS = "DEBUG $(inherited)";
				SWIFT_OPTIMIZATION_LEVEL = "-Onone";
			};
			name = Debug;
		};
		49B6D9E52B42B3F100B2A2DA /* Release */ = {
			isa = XCBuildConfiguration;
			buildSettings = {
				ALWAYS_SEARCH_USER_PATHS = NO;
				ASSETCATALOG_COMPILER_GENERATE_SWIFT_ASSET_SYMBOL_EXTENSIONS = YES;
				CLANG_ANALYZER_NONNULL = YES;
				CLANG_ANALYZER_NUMBER_OBJECT_CONVERSION = YES_AGGRESSIVE;
				CLANG_CXX_LANGUAGE_STANDARD = "gnu++20";
				CLANG_ENABLE_MODULES = YES;
				CLANG_ENABLE_OBJC_ARC = YES;
				CLANG_ENABLE_OBJC_WEAK = YES;
				CLANG_WARN_BLOCK_CAPTURE_AUTORELEASING = YES;
				CLANG_WARN_BOOL_CONVERSION = YES;
				CLANG_WARN_COMMA = YES;
				CLANG_WARN_CONSTANT_CONVERSION = YES;
				CLANG_WARN_DEPRECATED_OBJC_IMPLEMENTATIONS = YES;
				CLANG_WARN_DIRECT_OBJC_ISA_USAGE = YES_ERROR;
				CLANG_WARN_DOCUMENTATION_COMMENTS = YES;
				CLANG_WARN_EMPTY_BODY = YES;
				CLANG_WARN_ENUM_CONVERSION = YES;
				CLANG_WARN_INFINITE_RECURSION = YES;
				CLANG_WARN_INT_CONVERSION = YES;
				CLANG_WARN_NON_LITERAL_NULL_CONVERSION = YES;
				CLANG_WARN_OBJC_IMPLICIT_RETAIN_SELF = YES;
				CLANG_WARN_OBJC_LITERAL_CONVERSION = YES;
				CLANG_WARN_OBJC_ROOT_CLASS = YES_ERROR;
				CLANG_WARN_QUOTED_INCLUDE_IN_FRAMEWORK_HEADER = YES;
				CLANG_WARN_RANGE_LOOP_ANALYSIS = YES;
				CLANG_WARN_STRICT_PROTOTYPES = YES;
				CLANG_WARN_SUSPICIOUS_MOVE = YES;
				CLANG_WARN_UNGUARDED_AVAILABILITY = YES_AGGRESSIVE;
				CLANG_WARN_UNREACHABLE_CODE = YES;
				CLANG_WARN__DUPLICATE_METHOD_MATCH = YES;
				COPY_PHASE_STRIP = NO;
				DEBUG_INFORMATION_FORMAT = "dwarf-with-dsym";
				ENABLE_NS_ASSERTIONS = NO;
				ENABLE_STRICT_OBJC_MSGSEND = YES;
				ENABLE_USER_SCRIPT_SANDBOXING = YES;
				GCC_C_LANGUAGE_STANDARD = gnu17;
				GCC_NO_COMMON_BLOCKS = YES;
				GCC_WARN_64_TO_32_BIT_CONVERSION = YES;
				GCC_WARN_ABOUT_RETURN_TYPE = YES_ERROR;
				GCC_WARN_UNDECLARED_SELECTOR = YES;
				GCC_WARN_UNINITIALIZED_AUTOS = YES_AGGRESSIVE;
				GCC_WARN_UNUSED_FUNCTION = YES;
				GCC_WARN_UNUSED_VARIABLE = YES;
				IPHONEOS_DEPLOYMENT_TARGET = 17.0;
				LOCALIZATION_PREFERS_STRING_CATALOGS = YES;
				MTL_ENABLE_DEBUG_INFO = NO;
				MTL_FAST_MATH = YES;
				SDKROOT = iphoneos;
				SWIFT_COMPILATION_MODE = wholemodule;
				VALIDATE_PRODUCT = YES;
			};
			name = Release;
		};
		49B6D9E72B42B3F100B2A2DA /* Debug */ = {
			isa = XCBuildConfiguration;
			buildSettings = {
				ASSETCATALOG_COMPILER_APPICON_NAME = AppIcon;
				ASSETCATALOG_COMPILER_GLOBAL_ACCENT_COLOR_NAME = AccentColor;
				CODE_SIGN_STYLE = Automatic;
				CURRENT_PROJECT_VERSION = 1;
				DEVELOPMENT_ASSET_PATHS = "\"SwiftAlgorithm/Preview Content\"";
				DEVELOPMENT_TEAM = R6V3UCSNG3;
				ENABLE_PREVIEWS = YES;
				GENERATE_INFOPLIST_FILE = YES;
				INFOPLIST_KEY_UIApplicationSceneManifest_Generation = YES;
				INFOPLIST_KEY_UIApplicationSupportsIndirectInputEvents = YES;
				INFOPLIST_KEY_UILaunchScreen_Generation = YES;
				INFOPLIST_KEY_UISupportedInterfaceOrientations_iPad = "UIInterfaceOrientationPortrait UIInterfaceOrientationPortraitUpsideDown UIInterfaceOrientationLandscapeLeft UIInterfaceOrientationLandscapeRight";
				INFOPLIST_KEY_UISupportedInterfaceOrientations_iPhone = "UIInterfaceOrientationPortrait UIInterfaceOrientationLandscapeLeft UIInterfaceOrientationLandscapeRight";
				LD_RUNPATH_SEARCH_PATHS = (
					"$(inherited)",
					"@executable_path/Frameworks",
				);
				MARKETING_VERSION = 1.0;
				PRODUCT_BUNDLE_IDENTIFIER = com.ycompany.SwiftAlgorithm;
				PRODUCT_NAME = "$(TARGET_NAME)";
				SWIFT_EMIT_LOC_STRINGS = YES;
				SWIFT_VERSION = 5.0;
				TARGETED_DEVICE_FAMILY = "1,2";
			};
			name = Debug;
		};
		49B6D9E82B42B3F100B2A2DA /* Release */ = {
			isa = XCBuildConfiguration;
			buildSettings = {
				ASSETCATALOG_COMPILER_APPICON_NAME = AppIcon;
				ASSETCATALOG_COMPILER_GLOBAL_ACCENT_COLOR_NAME = AccentColor;
				CODE_SIGN_STYLE = Automatic;
				CURRENT_PROJECT_VERSION = 1;
				DEVELOPMENT_ASSET_PATHS = "\"SwiftAlgorithm/Preview Content\"";
				DEVELOPMENT_TEAM = R6V3UCSNG3;
				ENABLE_PREVIEWS = YES;
				GENERATE_INFOPLIST_FILE = YES;
				INFOPLIST_KEY_UIApplicationSceneManifest_Generation = YES;
				INFOPLIST_KEY_UIApplicationSupportsIndirectInputEvents = YES;
				INFOPLIST_KEY_UILaunchScreen_Generation = YES;
				INFOPLIST_KEY_UISupportedInterfaceOrientations_iPad = "UIInterfaceOrientationPortrait UIInterfaceOrientationPortraitUpsideDown UIInterfaceOrientationLandscapeLeft UIInterfaceOrientationLandscapeRight";
				INFOPLIST_KEY_UISupportedInterfaceOrientations_iPhone = "UIInterfaceOrientationPortrait UIInterfaceOrientationLandscapeLeft UIInterfaceOrientationLandscapeRight";
				LD_RUNPATH_SEARCH_PATHS = (
					"$(inherited)",
					"@executable_path/Frameworks",
				);
				MARKETING_VERSION = 1.0;
				PRODUCT_BUNDLE_IDENTIFIER = com.ycompany.SwiftAlgorithm;
				PRODUCT_NAME = "$(TARGET_NAME)";
				SWIFT_EMIT_LOC_STRINGS = YES;
				SWIFT_VERSION = 5.0;
				TARGETED_DEVICE_FAMILY = "1,2";
			};
			name = Release;
		};
		49B6D9F62B42B51E00B2A2DA /* Debug */ = {
			isa = XCBuildConfiguration;
			buildSettings = {
				BUNDLE_LOADER = "$(TEST_HOST)";
				CODE_SIGN_STYLE = Automatic;
				CURRENT_PROJECT_VERSION = 1;
				DEVELOPMENT_TEAM = R6V3UCSNG3;
				GENERATE_INFOPLIST_FILE = YES;
				MARKETING_VERSION = 1.0;
				PRODUCT_BUNDLE_IDENTIFIER = com.ycompany.SwiftAlgorithmTests;
				PRODUCT_NAME = "$(TARGET_NAME)";
				SWIFT_EMIT_LOC_STRINGS = NO;
				SWIFT_VERSION = 5.0;
				TARGETED_DEVICE_FAMILY = "1,2";
				TEST_HOST = "$(BUILT_PRODUCTS_DIR)/SwiftAlgorithm.app/$(BUNDLE_EXECUTABLE_FOLDER_PATH)/SwiftAlgorithm";
			};
			name = Debug;
		};
		49B6D9F72B42B51E00B2A2DA /* Release */ = {
			isa = XCBuildConfiguration;
			buildSettings = {
				BUNDLE_LOADER = "$(TEST_HOST)";
				CODE_SIGN_STYLE = Automatic;
				CURRENT_PROJECT_VERSION = 1;
				DEVELOPMENT_TEAM = R6V3UCSNG3;
				GENERATE_INFOPLIST_FILE = YES;
				MARKETING_VERSION = 1.0;
				PRODUCT_BUNDLE_IDENTIFIER = com.ycompany.SwiftAlgorithmTests;
				PRODUCT_NAME = "$(TARGET_NAME)";
				SWIFT_EMIT_LOC_STRINGS = NO;
				SWIFT_VERSION = 5.0;
				TARGETED_DEVICE_FAMILY = "1,2";
				TEST_HOST = "$(BUILT_PRODUCTS_DIR)/SwiftAlgorithm.app/$(BUNDLE_EXECUTABLE_FOLDER_PATH)/SwiftAlgorithm";
			};
			name = Release;
		};
/* End XCBuildConfiguration section */

/* Begin XCConfigurationList section */
		49B6D9D32B42B3EF00B2A2DA /* Build configuration list for PBXProject "SwiftAlgorithm" */ = {
			isa = XCConfigurationList;
			buildConfigurations = (
				49B6D9E42B42B3F100B2A2DA /* Debug */,
				49B6D9E52B42B3F100B2A2DA /* Release */,
			);
			defaultConfigurationIsVisible = 0;
			defaultConfigurationName = Release;
		};
		49B6D9E62B42B3F100B2A2DA /* Build configuration list for PBXNativeTarget "SwiftAlgorithm" */ = {
			isa = XCConfigurationList;
			buildConfigurations = (
				49B6D9E72B42B3F100B2A2DA /* Debug */,
				49B6D9E82B42B3F100B2A2DA /* Release */,
			);
			defaultConfigurationIsVisible = 0;
			defaultConfigurationName = Release;
		};
		49B6D9F52B42B51E00B2A2DA /* Build configuration list for PBXNativeTarget "SwiftAlgorithmTests" */ = {
			isa = XCConfigurationList;
			buildConfigurations = (
				49B6D9F62B42B51E00B2A2DA /* Debug */,
				49B6D9F72B42B51E00B2A2DA /* Release */,
			);
			defaultConfigurationIsVisible = 0;
			defaultConfigurationName = Release;
		};
/* End XCConfigurationList section */
	};
	rootObject = 49B6D9D02B42B3EF00B2A2DA /* Project object */;
}
